
Microsoft Visual Studio Solution File, Format Version 12.00
# Visual Studio Version 16
VisualStudioVersion = 16.0.31624.102
MinimumVisualStudioVersion = 10.0.40219.1
Project("{FAE04EC0-301F-11D3-BF4B-00C04F79EFBC}") = "RRIR", "RRIR\RRIR.csproj", "{E2AD2965-44F6-4B28-9B0E-15B2C8872C27}"
EndProject
Global
	GlobalSection(SolutionConfigurationPlatforms) = preSolution
		Debug|Any CPU = Debug|Any CPU
		Release|Any CPU = Release|Any CPU
	EndGlobalSection
	GlobalSection(ProjectConfigurationPlatforms) = postSolution
		{E2AD2965-44F6-4B28-9B0E-15B2C8872C27}.Debug|Any CPU.ActiveCfg = Debug|Any CPU
		{E2AD2965-44F6-4B28-9B0E-15B2C8872C27}.Debug|Any CPU.Build.0 = Debug|Any CPU
		{E2AD2965-44F6-4B28-9B0E-15B2C8872C27}.Release|Any CPU.ActiveCfg = Release|Any CPU
		{E2AD2965-44F6-4B28-9B0E-15B2C8872C27}.Release|Any CPU.Build.0 = Release|Any CPU
	EndGlobalSection
	GlobalSection(SolutionProperties) = preSolution
		HideSolutionNode = FALSE
	EndGlobalSection
	GlobalSection(ExtensibilityGlobals) = postSolution
		SolutionGuid = {A8A936B4-7648-455A-8834-54EB43E69AF3}
	EndGlobalSection
EndGlobal
